
Microsoft Visual Studio Solution File, Format Version 12.00
# Visual Studio 15
VisualStudioVersion = 15.0.27130.2010
MinimumVisualStudioVersion = 10.0.40219.1
Project("{FAE04EC0-301F-11D3-BF4B-00C04F79EFBC}") = "WEA_AspOneFilipJakab", "WEA_AspOneFilipJakab\WEA_AspOneFilipJakab.csproj", "{23487FDE-1E79-458C-B208-59D69CDD7087}"
EndProject
Global
	GlobalSection(SolutionConfigurationPlatforms) = preSolution
		Debug|Any CPU = Debug|Any CPU
		Release|Any CPU = Release|Any CPU
	EndGlobalSection
	GlobalSection(ProjectConfigurationPlatforms) = postSolution
		{23487FDE-1E79-458C-B208-59D69CDD7087}.Debug|Any CPU.ActiveCfg = Debug|Any CPU
		{23487FDE-1E79-458C-B208-59D69CDD7087}.Debug|Any CPU.Build.0 = Debug|Any CPU
		{23487FDE-1E79-458C-B208-59D69CDD7087}.Release|Any CPU.ActiveCfg = Release|Any CPU
		{23487FDE-1E79-458C-B208-59D69CDD7087}.Release|Any CPU.Build.0 = Release|Any CPU
	EndGlobalSection
	GlobalSection(SolutionProperties) = preSolution
		HideSolutionNode = FALSE
	EndGlobalSection
	GlobalSection(ExtensibilityGlobals) = postSolution
		SolutionGuid = {31E73BAC-F582-4DA5-B1AC-CF6A430D1695}
	EndGlobalSection
EndGlobal
